
Microsoft Visual Studio Solution File, Format Version 12.00
# Visual Studio 14
VisualStudioVersion = 14.0.25123.0
MinimumVisualStudioVersion = 10.0.40219.1
Project("{25EB0046-37EF-4B0F-99A0-D8C7B71D95FC}") = "Sitecore.Support.363268", "Sitecore.Support.363268\Sitecore.Support.363268.csproj", "{857E100B-FCA5-4CED-BCD3-08DA15CBF249}"
EndProject
Global
	GlobalSection(SolutionConfigurationPlatforms) = preSolution
		Debug|Any CPU = Debug|Any CPU
		Release|Any CPU = Release|Any CPU
	EndGlobalSection
	GlobalSection(ProjectConfigurationPlatforms) = postSolution
		{857E100B-FCA5-4CED-BCD3-08DA15CBF249}.Debug|Any CPU.ActiveCfg = Debug|Any CPU
		{857E100B-FCA5-4CED-BCD3-08DA15CBF249}.Debug|Any CPU.Build.0 = Debug|Any CPU
		{857E100B-FCA5-4CED-BCD3-08DA15CBF249}.Release|Any CPU.ActiveCfg = Release|Any CPU
		{857E100B-FCA5-4CED-BCD3-08DA15CBF249}.Release|Any CPU.Build.0 = Release|Any CPU
	EndGlobalSection
	GlobalSection(SolutionProperties) = preSolution
		HideSolutionNode = FALSE
	EndGlobalSection
EndGlobal
